{
  "requires": true,
  "lockfileVersion": 1,
  "dependencies": {
    "scroll-snap": {
      "version": "2.0.4",
      "resolved": "https://registry.npmjs.org/scroll-snap/-/scroll-snap-2.0.4.tgz",
      "integrity": "sha512-7EkOVqfiSK3bb6aZUlalWjoU+FT3muP+VZx0R04Et7cW0NYnAC8aN3PqwP6lf3OF6csly7zHbZ3jcmg67dcWBg=="
    }
  }
}
